
Microsoft Visual Studio Solution File, Format Version 12.00
# Visual Studio 15
VisualStudioVersion = 15.0.28010.2050
MinimumVisualStudioVersion = 10.0.40219.1
Project("{FAE04EC0-301F-11D3-BF4B-00C04F79EFBC}") = "WPF-Student", "WPF-Student\WPF-Student.csproj", "{AE585DCE-F011-4BAC-8561-1CDDD23281F7}"
EndProject
Global
	GlobalSection(SolutionConfigurationPlatforms) = preSolution
		Debug|Any CPU = Debug|Any CPU
		Release|Any CPU = Release|Any CPU
	EndGlobalSection
	GlobalSection(ProjectConfigurationPlatforms) = postSolution
		{AE585DCE-F011-4BAC-8561-1CDDD23281F7}.Debug|Any CPU.ActiveCfg = Debug|Any CPU
		{AE585DCE-F011-4BAC-8561-1CDDD23281F7}.Debug|Any CPU.Build.0 = Debug|Any CPU
		{AE585DCE-F011-4BAC-8561-1CDDD23281F7}.Release|Any CPU.ActiveCfg = Release|Any CPU
		{AE585DCE-F011-4BAC-8561-1CDDD23281F7}.Release|Any CPU.Build.0 = Release|Any CPU
	EndGlobalSection
	GlobalSection(SolutionProperties) = preSolution
		HideSolutionNode = FALSE
	EndGlobalSection
	GlobalSection(ExtensibilityGlobals) = postSolution
		SolutionGuid = {2B40AEDB-8E98-4AA7-B4E5-2D1753D6ABDE}
	EndGlobalSection
EndGlobal
